// !$*UTF8*$!
{
	archiveVersion = 1;
	classes = {
	};
	objectVersion = 46;
	objects = {

/* Begin PBXBuildFile section */
		9F0010EE18EF025100A0AB17 /* Foundation.framework in Frameworks */ = {isa = PBXBuildFile; fileRef = 9F0010ED18EF025100A0AB17 /* Foundation.framework */; };
		9F0010F018EF025100A0AB17 /* CoreGraphics.framework in Frameworks */ = {isa = PBXBuildFile; fileRef = 9F0010EF18EF025100A0AB17 /* CoreGraphics.framework */; };
		9F0010F218EF025100A0AB17 /* UIKit.framework in Frameworks */ = {isa = PBXBuildFile; fileRef = 9F0010F118EF025100A0AB17 /* UIKit.framework */; };
		9F0010F818EF025100A0AB17 /* InfoPlist.strings in Resources */ = {isa = PBXBuildFile; fileRef = 9F0010F618EF025100A0AB17 /* InfoPlist.strings */; };
		9F0010FA18EF025100A0AB17 /* main.m in Sources */ = {isa = PBXBuildFile; fileRef = 9F0010F918EF025100A0AB17 /* main.m */; };
		9F0010FE18EF025100A0AB17 /* SCAppDelegate.m in Sources */ = {isa = PBXBuildFile; fileRef = 9F0010FD18EF025100A0AB17 /* SCAppDelegate.m */; };
		9F00110118EF025100A0AB17 /* Main.storyboard in Resources */ = {isa = PBXBuildFile; fileRef = 9F0010FF18EF025100A0AB17 /* Main.storyboard */; };
		9F00110418EF025100A0AB17 /* SCViewController.m in Sources */ = {isa = PBXBuildFile; fileRef = 9F00110318EF025100A0AB17 /* SCViewController.m */; };
		9F00110618EF025100A0AB17 /* Images.xcassets in Resources */ = {isa = PBXBuildFile; fileRef = 9F00110518EF025100A0AB17 /* Images.xcassets */; };
		9F00110D18EF025100A0AB17 /* XCTest.framework in Frameworks */ = {isa = PBXBuildFile; fileRef = 9F00110C18EF025100A0AB17 /* XCTest.framework */; };
		9F00110E18EF025100A0AB17 /* Foundation.framework in Frameworks */ = {isa = PBXBuildFile; fileRef = 9F0010ED18EF025100A0AB17 /* Foundation.framework */; };
		9F00110F18EF025100A0AB17 /* UIKit.framework in Frameworks */ = {isa = PBXBuildFile; fileRef = 9F0010F118EF025100A0AB17 /* UIKit.framework */; };
		9F00111718EF025100A0AB17 /* InfoPlist.strings in Resources */ = {isa = PBXBuildFile; fileRef = 9F00111518EF025100A0AB17 /* InfoPlist.strings */; };
		9F00111918EF025100A0AB17 /* InteractiveTransitionTests.m in Sources */ = {isa = PBXBuildFile; fileRef = 9F00111818EF025100A0AB17 /* InteractiveTransitionTests.m */; };
		9F00112418EF039300A0AB17 /* SCTransition.m in Sources */ = {isa = PBXBuildFile; fileRef = 9F00112318EF039300A0AB17 /* SCTransition.m */; };
		9F00112718EF057300A0AB17 /* SCDetailViewController.m in Sources */ = {isa = PBXBuildFile; fileRef = 9F00112618EF057300A0AB17 /* SCDetailViewController.m */; };
		9F00112D18F0713400A0AB17 /* SCPercentDrivenInteractiveTransition.m in Sources */ = {isa = PBXBuildFile; fileRef = 9F00112C18F0713400A0AB17 /* SCPercentDrivenInteractiveTransition.m */; };
/* End PBXBuildFile section */

/* Begin PBXContainerItemProxy section */
		9F00111018EF025100A0AB17 /* PBXContainerItemProxy */ = {
			isa = PBXContainerItemProxy;
			containerPortal = 9F0010E218EF025100A0AB17 /* Project object */;
			proxyType = 1;
			remoteGlobalIDString = 9F0010E918EF025100A0AB17;
			remoteInfo = InteractiveTransition;
		};
/* End PBXContainerItemProxy section */

/* Begin PBXFileReference section */
		9F0010EA18EF025100A0AB17 /* InteractiveTransition.app */ = {isa = PBXFileReference; explicitFileType = wrapper.application; includeInIndex = 0; path = InteractiveTransition.app; sourceTree = BUILT_PRODUCTS_DIR; };
		9F0010ED18EF025100A0AB17 /* Foundation.framework */ = {isa = PBXFileReference; lastKnownFileType = wrapper.framework; name = Foundation.framework; path = System/Library/Frameworks/Foundation.framework; sourceTree = SDKROOT; };
		9F0010EF18EF025100A0AB17 /* CoreGraphics.framework */ = {isa = PBXFileReference; lastKnownFileType = wrapper.framework; name = CoreGraphics.framework; path = System/Library/Frameworks/CoreGraphics.framework; sourceTree = SDKROOT; };
		9F0010F118EF025100A0AB17 /* UIKit.framework */ = {isa = PBXFileReference; lastKnownFileType = wrapper.framework; name = UIKit.framework; path = System/Library/Frameworks/UIKit.framework; sourceTree = SDKROOT; };
		9F0010F518EF025100A0AB17 /* InteractiveTransition-Info.plist */ = {isa = PBXFileReference; lastKnownFileType = text.plist.xml; path = "InteractiveTransition-Info.plist"; sourceTree = "<group>"; };
		9F0010F718EF025100A0AB17 /* en */ = {isa = PBXFileReference; lastKnownFileType = text.plist.strings; name = en; path = en.lproj/InfoPlist.strings; sourceTree = "<group>"; };
		9F0010F918EF025100A0AB17 /* main.m */ = {isa = PBXFileReference; lastKnownFileType = sourcecode.c.objc; path = main.m; sourceTree = "<group>"; };
		9F0010FB18EF025100A0AB17 /* InteractiveTransition-Prefix.pch */ = {isa = PBXFileReference; lastKnownFileType = sourcecode.c.h; path = "InteractiveTransition-Prefix.pch"; sourceTree = "<group>"; };
		9F0010FC18EF025100A0AB17 /* SCAppDelegate.h */ = {isa = PBXFileReference; lastKnownFileType = sourcecode.c.h; path = SCAppDelegate.h; sourceTree = "<group>"; };
		9F0010FD18EF025100A0AB17 /* SCAppDelegate.m */ = {isa = PBXFileReference; lastKnownFileType = sourcecode.c.objc; path = SCAppDelegate.m; sourceTree = "<group>"; };
		9F00110018EF025100A0AB17 /* Base */ = {isa = PBXFileReference; lastKnownFileType = file.storyboard; name = Base; path = Base.lproj/Main.storyboard; sourceTree = "<group>"; };
		9F00110218EF025100A0AB17 /* SCViewController.h */ = {isa = PBXFileReference; lastKnownFileType = sourcecode.c.h; path = SCViewController.h; sourceTree = "<group>"; };
		9F00110318EF025100A0AB17 /* SCViewController.m */ = {isa = PBXFileReference; lastKnownFileType = sourcecode.c.objc; path = SCViewController.m; sourceTree = "<group>"; };
		9F00110518EF025100A0AB17 /* Images.xcassets */ = {isa = PBXFileReference; lastKnownFileType = folder.assetcatalog; path = Images.xcassets; sourceTree = "<group>"; };
		9F00110B18EF025100A0AB17 /* InteractiveTransitionTests.xctest */ = {isa = PBXFileReference; explicitFileType = wrapper.cfbundle; includeInIndex = 0; path = InteractiveTransitionTests.xctest; sourceTree = BUILT_PRODUCTS_DIR; };
		9F00110C18EF025100A0AB17 /* XCTest.framework */ = {isa = PBXFileReference; lastKnownFileType = wrapper.framework; name = XCTest.framework; path = Library/Frameworks/XCTest.framework; sourceTree = DEVELOPER_DIR; };
		9F00111418EF025100A0AB17 /* InteractiveTransitionTests-Info.plist */ = {isa = PBXFileReference; lastKnownFileType = text.plist.xml; path = "InteractiveTransitionTests-Info.plist"; sourceTree = "<group>"; };
		9F00111618EF025100A0AB17 /* en */ = {isa = PBXFileReference; lastKnownFileType = text.plist.strings; name = en; path = en.lproj/InfoPlist.strings; sourceTree = "<group>"; };
		9F00111818EF025100A0AB17 /* InteractiveTransitionTests.m */ = {isa = PBXFileReference; lastKnownFileType = sourcecode.c.objc; path = InteractiveTransitionTests.m; sourceTree = "<group>"; };
		9F00112218EF039300A0AB17 /* SCTransition.h */ = {isa = PBXFileReference; fileEncoding = 4; lastKnownFileType = sourcecode.c.h; path = SCTransition.h; sourceTree = "<group>"; };
		9F00112318EF039300A0AB17 /* SCTransition.m */ = {isa = PBXFileReference; fileEncoding = 4; lastKnownFileType = sourcecode.c.objc; path = SCTransition.m; sourceTree = "<group>"; };
		9F00112518EF057300A0AB17 /* SCDetailViewController.h */ = {isa = PBXFileReference; fileEncoding = 4; lastKnownFileType = sourcecode.c.h; path = SCDetailViewController.h; sourceTree = "<group>"; };
		9F00112618EF057300A0AB17 /* SCDetailViewController.m */ = {isa = PBXFileReference; fileEncoding = 4; lastKnownFileType = sourcecode.c.objc; path = SCDetailViewController.m; sourceTree = "<group>"; };
		9F00112B18F0713400A0AB17 /* SCPercentDrivenInteractiveTransition.h */ = {isa = PBXFileReference; fileEncoding = 4; lastKnownFileType = sourcecode.c.h; path = SCPercentDrivenInteractiveTransition.h; sourceTree = "<group>"; };
		9F00112C18F0713400A0AB17 /* SCPercentDrivenInteractiveTransition.m */ = {isa = PBXFileReference; fileEncoding = 4; lastKnownFileType = sourcecode.c.objc; path = SCPercentDrivenInteractiveTransition.m; sourceTree = "<group>"; };
/* End PBXFileReference section */

/* Begin PBXFrameworksBuildPhase section */
		9F0010E718EF025100A0AB17 /* Frameworks */ = {
			isa = PBXFrameworksBuildPhase;
			buildActionMask = 2147483647;
			files = (
				9F0010F018EF025100A0AB17 /* CoreGraphics.framework in Frameworks */,
				9F0010F218EF025100A0AB17 /* UIKit.framework in Frameworks */,
				9F0010EE18EF025100A0AB17 /* Foundation.framework in Frameworks */,
			);
			runOnlyForDeploymentPostprocessing = 0;
		};
		9F00110818EF025100A0AB17 /* Frameworks */ = {
			isa = PBXFrameworksBuildPhase;
			buildActionMask = 2147483647;
			files = (
				9F00110D18EF025100A0AB17 /* XCTest.framework in Frameworks */,
				9F00110F18EF025100A0AB17 /* UIKit.framework in Frameworks */,
				9F00110E18EF025100A0AB17 /* Foundation.framework in Frameworks */,
			);
			runOnlyForDeploymentPostprocessing = 0;
		};
/* End PBXFrameworksBuildPhase section */

/* Begin PBXGroup section */
		9F0010E118EF025100A0AB17 = {
			isa = PBXGroup;
			children = (
				9F0010F318EF025100A0AB17 /* InteractiveTransition */,
				9F00111218EF025100A0AB17 /* InteractiveTransitionTests */,
				9F0010EC18EF025100A0AB17 /* Frameworks */,
				9F0010EB18EF025100A0AB17 /* Products */,
			);
			sourceTree = "<group>";
		};
		9F0010EB18EF025100A0AB17 /* Products */ = {
			isa = PBXGroup;
			children = (
				9F0010EA18EF025100A0AB17 /* InteractiveTransition.app */,
				9F00110B18EF025100A0AB17 /* InteractiveTransitionTests.xctest */,
			);
			name = Products;
			sourceTree = "<group>";
		};
		9F0010EC18EF025100A0AB17 /* Frameworks */ = {
			isa = PBXGroup;
			children = (
				9F0010ED18EF025100A0AB17 /* Foundation.framework */,
				9F0010EF18EF025100A0AB17 /* CoreGraphics.framework */,
				9F0010F118EF025100A0AB17 /* UIKit.framework */,
				9F00110C18EF025100A0AB17 /* XCTest.framework */,
			);
			name = Frameworks;
			sourceTree = "<group>";
		};
		9F0010F318EF025100A0AB17 /* InteractiveTransition */ = {
			isa = PBXGroup;
			children = (
				9F0010FC18EF025100A0AB17 /* SCAppDelegate.h */,
				9F0010FD18EF025100A0AB17 /* SCAppDelegate.m */,
				9F0010FF18EF025100A0AB17 /* Main.storyboard */,
				9F00110218EF025100A0AB17 /* SCViewController.h */,
				9F00110318EF025100A0AB17 /* SCViewController.m */,
				9F00112518EF057300A0AB17 /* SCDetailViewController.h */,
				9F00112618EF057300A0AB17 /* SCDetailViewController.m */,
				9F00112218EF039300A0AB17 /* SCTransition.h */,
				9F00112318EF039300A0AB17 /* SCTransition.m */,
				9F00112B18F0713400A0AB17 /* SCPercentDrivenInteractiveTransition.h */,
				9F00112C18F0713400A0AB17 /* SCPercentDrivenInteractiveTransition.m */,
				9F00110518EF025100A0AB17 /* Images.xcassets */,
				9F0010F418EF025100A0AB17 /* Supporting Files */,
			);
			path = InteractiveTransition;
			sourceTree = "<group>";
		};
		9F0010F418EF025100A0AB17 /* Supporting Files */ = {
			isa = PBXGroup;
			children = (
				9F0010F518EF025100A0AB17 /* InteractiveTransition-Info.plist */,
				9F0010F618EF025100A0AB17 /* InfoPlist.strings */,
				9F0010F918EF025100A0AB17 /* main.m */,
				9F0010FB18EF025100A0AB17 /* InteractiveTransition-Prefix.pch */,
			);
			name = "Supporting Files";
			sourceTree = "<group>";
		};
		9F00111218EF025100A0AB17 /* InteractiveTransitionTests */ = {
			isa = PBXGroup;
			children = (
				9F00111818EF025100A0AB17 /* InteractiveTransitionTests.m */,
				9F00111318EF025100A0AB17 /* Supporting Files */,
			);
			path = InteractiveTransitionTests;
			sourceTree = "<group>";
		};
		9F00111318EF025100A0AB17 /* Supporting Files */ = {
			isa = PBXGroup;
			children = (
				9F00111418EF025100A0AB17 /* InteractiveTransitionTests-Info.plist */,
				9F00111518EF025100A0AB17 /* InfoPlist.strings */,
			);
			name = "Supporting Files";
			sourceTree = "<group>";
		};
/* End PBXGroup section */

/* Begin PBXNativeTarget section */
		9F0010E918EF025100A0AB17 /* InteractiveTransition */ = {
			isa = PBXNativeTarget;
			buildConfigurationList = 9F00111C18EF025100A0AB17 /* Build configuration list for PBXNativeTarget "InteractiveTransition" */;
			buildPhases = (
				9F0010E618EF025100A0AB17 /* Sources */,
				9F0010E718EF025100A0AB17 /* Frameworks */,
				9F0010E818EF025100A0AB17 /* Resources */,
			);
			buildRules = (
			);
			dependencies = (
			);
			name = InteractiveTransition;
			productName = InteractiveTransition;
			productReference = 9F0010EA18EF025100A0AB17 /* InteractiveTransition.app */;
			productType = "com.apple.product-type.application";
		};
		9F00110A18EF025100A0AB17 /* InteractiveTransitionTests */ = {
			isa = PBXNativeTarget;
			buildConfigurationList = 9F00111F18EF025100A0AB17 /* Build configuration list for PBXNativeTarget "InteractiveTransitionTests" */;
			buildPhases = (
				9F00110718EF025100A0AB17 /* Sources */,
				9F00110818EF025100A0AB17 /* Frameworks */,
				9F00110918EF025100A0AB17 /* Resources */,
			);
			buildRules = (
			);
			dependencies = (
				9F00111118EF025100A0AB17 /* PBXTargetDependency */,
			);
			name = InteractiveTransitionTests;
			productName = InteractiveTransitionTests;
			productReference = 9F00110B18EF025100A0AB17 /* InteractiveTransitionTests.xctest */;
			productType = "com.apple.product-type.bundle.unit-test";
		};
/* End PBXNativeTarget section */

/* Begin PBXProject section */
		9F0010E218EF025100A0AB17 /* Project object */ = {
			isa = PBXProject;
			attributes = {
				CLASSPREFIX = SC;
				LastUpgradeCheck = 0510;
				ORGANIZATIONNAME = "StringCode Ltd";
				TargetAttributes = {
					9F00110A18EF025100A0AB17 = {
						TestTargetID = 9F0010E918EF025100A0AB17;
					};
				};
			};
			buildConfigurationList = 9F0010E518EF025100A0AB17 /* Build configuration list for PBXProject "InteractiveTransition" */;
			compatibilityVersion = "Xcode 3.2";
			developmentRegion = English;
			hasScannedForEncodings = 0;
			knownRegions = (
				en,
				Base,
			);
			mainGroup = 9F0010E118EF025100A0AB17;
			productRefGroup = 9F0010EB18EF025100A0AB17 /* Products */;
			projectDirPath = "";
			projectRoot = "";
			targets = (
				9F0010E918EF025100A0AB17 /* InteractiveTransition */,
				9F00110A18EF025100A0AB17 /* InteractiveTransitionTests */,
			);
		};
/* End PBXProject section */

/* Begin PBXResourcesBuildPhase section */
		9F0010E818EF025100A0AB17 /* Resources */ = {
			isa = PBXResourcesBuildPhase;
			buildActionMask = 2147483647;
			files = (
				9F00110618EF025100A0AB17 /* Images.xcassets in Resources */,
				9F0010F818EF025100A0AB17 /* InfoPlist.strings in Resources */,
				9F00110118EF025100A0AB17 /* Main.storyboard in Resources */,
			);
			runOnlyForDeploymentPostprocessing = 0;
		};
		9F00110918EF025100A0AB17 /* Resources */ = {
			isa = PBXResourcesBuildPhase;
			buildActionMask = 2147483647;
			files = (
				9F00111718EF025100A0AB17 /* InfoPlist.strings in Resources */,
			);
			runOnlyForDeploymentPostprocessing = 0;
		};
/* End PBXResourcesBuildPhase section */

/* Begin PBXSourcesBuildPhase section */
		9F0010E618EF025100A0AB17 /* Sources */ = {
			isa = PBXSourcesBuildPhase;
			buildActionMask = 2147483647;
			files = (
				9F0010FE18EF025100A0AB17 /* SCAppDelegate.m in Sources */,
				9F00112D18F0713400A0AB17 /* SCPercentDrivenInteractiveTransition.m in Sources */,
				9F00110418EF025100A0AB17 /* SCViewController.m in Sources */,
				9F00112718EF057300A0AB17 /* SCDetailViewController.m in Sources */,
				9F00112418EF039300A0AB17 /* SCTransition.m in Sources */,
				9F0010FA18EF025100A0AB17 /* main.m in Sources */,
			);
			runOnlyForDeploymentPostprocessing = 0;
		};
		9F00110718EF025100A0AB17 /* Sources */ = {
			isa = PBXSourcesBuildPhase;
			buildActionMask = 2147483647;
			files = (
				9F00111918EF025100A0AB17 /* InteractiveTransitionTests.m in Sources */,
			);
			runOnlyForDeploymentPostprocessing = 0;
		};
/* End PBXSourcesBuildPhase section */

/* Begin PBXTargetDependency section */
		9F00111118EF025100A0AB17 /* PBXTargetDependency */ = {
			isa = PBXTargetDependency;
			target = 9F0010E918EF025100A0AB17 /* InteractiveTransition */;
			targetProxy = 9F00111018EF025100A0AB17 /* PBXContainerItemProxy */;
		};
/* End PBXTargetDependency section */

/* Begin PBXVariantGroup section */
		9F0010F618EF025100A0AB17 /* InfoPlist.strings */ = {
			isa = PBXVariantGroup;
			children = (
				9F0010F718EF025100A0AB17 /* en */,
			);
			name = InfoPlist.strings;
			sourceTree = "<group>";
		};
		9F0010FF18EF025100A0AB17 /* Main.storyboard */ = {
			isa = PBXVariantGroup;
			children = (
				9F00110018EF025100A0AB17 /* Base */,
			);
			name = Main.storyboard;
			sourceTree = "<group>";
		};
		9F00111518EF025100A0AB17 /* InfoPlist.strings */ = {
			isa = PBXVariantGroup;
			children = (
				9F00111618EF025100A0AB17 /* en */,
			);
			name = InfoPlist.strings;
			sourceTree = "<group>";
		};
/* End PBXVariantGroup section */

/* Begin XCBuildConfiguration section */
		9F00111A18EF025100A0AB17 /* Debug */ = {
			isa = XCBuildConfiguration;
			buildSettings = {
				ALWAYS_SEARCH_USER_PATHS = NO;
				CLANG_CXX_LANGUAGE_STANDARD = "gnu++0x";
				CLANG_CXX_LIBRARY = "libc++";
				CLANG_ENABLE_MODULES = YES;
				CLANG_ENABLE_OBJC_ARC = YES;
				CLANG_WARN_BOOL_CONVERSION = YES;
				CLANG_WARN_CONSTANT_CONVERSION = YES;
				CLANG_WARN_DIRECT_OBJC_ISA_USAGE = YES_ERROR;
				CLANG_WARN_EMPTY_BODY = YES;
				CLANG_WARN_ENUM_CONVERSION = YES;
				CLANG_WARN_INT_CONVERSION = YES;
				CLANG_WARN_OBJC_ROOT_CLASS = YES_ERROR;
				CLANG_WARN__DUPLICATE_METHOD_MATCH = YES;
				"CODE_SIGN_IDENTITY[sdk=iphoneos*]" = "iPhone Developer";
				COPY_PHASE_STRIP = NO;
				GCC_C_LANGUAGE_STANDARD = gnu99;
				GCC_DYNAMIC_NO_PIC = NO;
				GCC_OPTIMIZATION_LEVEL = 0;
				GCC_PREPROCESSOR_DEFINITIONS = (
					"DEBUG=1",
					"$(inherited)",
				);
				GCC_SYMBOLS_PRIVATE_EXTERN = NO;
				GCC_WARN_64_TO_32_BIT_CONVERSION = YES;
				GCC_WARN_ABOUT_RETURN_TYPE = YES_ERROR;
				GCC_WARN_UNDECLARED_SELECTOR = YES;
				GCC_WARN_UNINITIALIZED_AUTOS = YES_AGGRESSIVE;
				GCC_WARN_UNUSED_FUNCTION = YES;
				GCC_WARN_UNUSED_VARIABLE = YES;
				IPHONEOS_DEPLOYMENT_TARGET = 7.1;
				ONLY_ACTIVE_ARCH = YES;
				SDKROOT = iphoneos;
			};
			name = Debug;
		};
		9F00111B18EF025100A0AB17 /* Release */ = {
			isa = XCBuildConfiguration;
			buildSettings = {
				ALWAYS_SEARCH_USER_PATHS = NO;
				CLANG_CXX_LANGUAGE_STANDARD = "gnu++0x";
				CLANG_CXX_LIBRARY = "libc++";
				CLANG_ENABLE_MODULES = YES;
				CLANG_ENABLE_OBJC_ARC = YES;
				CLANG_WARN_BOOL_CONVERSION = YES;
				CLANG_WARN_CONSTANT_CONVERSION = YES;
				CLANG_WARN_DIRECT_OBJC_ISA_USAGE = YES_ERROR;
				CLANG_WARN_EMPTY_BODY = YES;
				CLANG_WARN_ENUM_CONVERSION = YES;
				CLANG_WARN_INT_CONVERSION = YES;
				CLANG_WARN_OBJC_ROOT_CLASS = YES_ERROR;
				CLANG_WARN__DUPLICATE_METHOD_MATCH = YES;
				"CODE_SIGN_IDENTITY[sdk=iphoneos*]" = "iPhone Developer";
				COPY_PHASE_STRIP = YES;
				ENABLE_NS_ASSERTIONS = NO;
				GCC_C_LANGUAGE_STANDARD = gnu99;
				GCC_WARN_64_TO_32_BIT_CONVERSION = YES;
				GCC_WARN_ABOUT_RETURN_TYPE = YES_ERROR;
				GCC_WARN_UNDECLARED_SELECTOR = YES;
				GCC_WARN_UNINITIALIZED_AUTOS = YES_AGGRESSIVE;
				GCC_WARN_UNUSED_FUNCTION = YES;
				GCC_WARN_UNUSED_VARIABLE = YES;
				IPHONEOS_DEPLOYMENT_TARGET = 7.1;
				SDKROOT = iphoneos;
				VALIDATE_PRODUCT = YES;
			};
			name = Release;
		};
		9F00111D18EF025100A0AB17 /* Debug */ = {
			isa = XCBuildConfiguration;
			buildSettings = {
				ASSETCATALOG_COMPILER_APPICON_NAME = AppIcon;
				ASSETCATALOG_COMPILER_LAUNCHIMAGE_NAME = LaunchImage;
				GCC_PRECOMPILE_PREFIX_HEADER = YES;
				GCC_PREFIX_HEADER = "InteractiveTransition/InteractiveTransition-Prefix.pch";
				INFOPLIST_FILE = "InteractiveTransition/InteractiveTransition-Info.plist";
				PRODUCT_NAME = "$(TARGET_NAME)";
				WRAPPER_EXTENSION = app;
			};
			name = Debug;
		};
		9F00111E18EF025100A0AB17 /* Release */ = {
			isa = XCBuildConfiguration;
			buildSettings = {
				ASSETCATALOG_COMPILER_APPICON_NAME = AppIcon;
				ASSETCATALOG_COMPILER_LAUNCHIMAGE_NAME = LaunchImage;
				GCC_PRECOMPILE_PREFIX_HEADER = YES;
				GCC_PREFIX_HEADER = "InteractiveTransition/InteractiveTransition-Prefix.pch";
				INFOPLIST_FILE = "InteractiveTransition/InteractiveTransition-Info.plist";
				PRODUCT_NAME = "$(TARGET_NAME)";
				WRAPPER_EXTENSION = app;
			};
			name = Release;
		};
		9F00112018EF025100A0AB17 /* Debug */ = {
			isa = XCBuildConfiguration;
			buildSettings = {
				BUNDLE_LOADER = "$(BUILT_PRODUCTS_DIR)/InteractiveTransition.app/InteractiveTransition";
				FRAMEWORK_SEARCH_PATHS = (
					"$(SDKROOT)/Developer/Library/Frameworks",
					"$(inherited)",
					"$(DEVELOPER_FRAMEWORKS_DIR)",
				);
				GCC_PRECOMPILE_PREFIX_HEADER = YES;
				GCC_PREFIX_HEADER = "InteractiveTransition/InteractiveTransition-Prefix.pch";
				GCC_PREPROCESSOR_DEFINITIONS = (
					"DEBUG=1",
					"$(inherited)",
				);
				INFOPLIST_FILE = "InteractiveTransitionTests/InteractiveTransitionTests-Info.plist";
				PRODUCT_NAME = "$(TARGET_NAME)";
				TEST_HOST = "$(BUNDLE_LOADER)";
				WRAPPER_EXTENSION = xctest;
			};
			name = Debug;
		};
		9F00112118EF025100A0AB17 /* Release */ = {
			isa = XCBuildConfiguration;
			buildSettings = {
				BUNDLE_LOADER = "$(BUILT_PRODUCTS_DIR)/InteractiveTransition.app/InteractiveTransition";
				FRAMEWORK_SEARCH_PATHS = (
					"$(SDKROOT)/Developer/Library/Frameworks",
					"$(inherited)",
					"$(DEVELOPER_FRAMEWORKS_DIR)",
				);
				GCC_PRECOMPILE_PREFIX_HEADER = YES;
				GCC_PREFIX_HEADER = "InteractiveTransition/InteractiveTransition-Prefix.pch";
				INFOPLIST_FILE = "InteractiveTransitionTests/InteractiveTransitionTests-Info.plist";
				PRODUCT_NAME = "$(TARGET_NAME)";
				TEST_HOST = "$(BUNDLE_LOADER)";
				WRAPPER_EXTENSION = xctest;
			};
			name = Release;
		};
/* End XCBuildConfiguration section */

/* Begin XCConfigurationList section */
		9F0010E518EF025100A0AB17 /* Build configuration list for PBXProject "InteractiveTransition" */ = {
			isa = XCConfigurationList;
			buildConfigurations = (
				9F00111A18EF025100A0AB17 /* Debug */,
				9F00111B18EF025100A0AB17 /* Release */,
			);
			defaultConfigurationIsVisible = 0;
			defaultConfigurationName = Release;
		};
		9F00111C18EF025100A0AB17 /* Build configuration list for PBXNativeTarget "InteractiveTransition" */ = {
			isa = XCConfigurationList;
			buildConfigurations = (
				9F00111D18EF025100A0AB17 /* Debug */,
				9F00111E18EF025100A0AB17 /* Release */,
			);
			defaultConfigurationIsVisible = 0;
			defaultConfigurationName = Release;
		};
		9F00111F18EF025100A0AB17 /* Build configuration list for PBXNativeTarget "InteractiveTransitionTests" */ = {
			isa = XCConfigurationList;
			buildConfigurations = (
				9F00112018EF025100A0AB17 /* Debug */,
				9F00112118EF025100A0AB17 /* Release */,
			);
			defaultConfigurationIsVisible = 0;
			defaultConfigurationName = Release;
		};
/* End XCConfigurationList section */
	};
	rootObject = 9F0010E218EF025100A0AB17 /* Project object */;
}
